// !$*UTF8*$!
{
	archiveVersion = 1;
	classes = {
	};
	objectVersion = 46;
	objects = {

/* Begin PBXBuildFile section */
		E7DC5B821D4832E700CADA89 /* AppDelegate.swift in Sources */ = {isa = PBXBuildFile; fileRef = E7DC5B811D4832E700CADA89 /* AppDelegate.swift */; };
		E7DC5B841D4832E700CADA89 /* ViewController.swift in Sources */ = {isa = PBXBuildFile; fileRef = E7DC5B831D4832E700CADA89 /* ViewController.swift */; };
		E7DC5B871D4832E700CADA89 /* Main.storyboard in Resources */ = {isa = PBXBuildFile; fileRef = E7DC5B851D4832E700CADA89 /* Main.storyboard */; };
		E7DC5B891D4832E700CADA89 /* Assets.xcassets in Resources */ = {isa = PBXBuildFile; fileRef = E7DC5B881D4832E700CADA89 /* Assets.xcassets */; };
		E7DC5B8C1D4832E700CADA89 /* LaunchScreen.storyboard in Resources */ = {isa = PBXBuildFile; fileRef = E7DC5B8A1D4832E700CADA89 /* LaunchScreen.storyboard */; };
		E7DC5B971D4832E800CADA89 /* Teste_de_Sema_forosTests.swift in Sources */ = {isa = PBXBuildFile; fileRef = E7DC5B961D4832E800CADA89 /* Teste_de_Sema_forosTests.swift */; };
		E7DC5BA21D4832E800CADA89 /* Teste_de_Sema_forosUITests.swift in Sources */ = {isa = PBXBuildFile; fileRef = E7DC5BA11D4832E800CADA89 /* Teste_de_Sema_forosUITests.swift */; };
/* End PBXBuildFile section */

/* Begin PBXContainerItemProxy section */
		E7DC5B931D4832E800CADA89 /* PBXContainerItemProxy */ = {
			isa = PBXContainerItemProxy;
			containerPortal = E7DC5B761D4832E700CADA89 /* Project object */;
			proxyType = 1;
			remoteGlobalIDString = E7DC5B7D1D4832E700CADA89;
			remoteInfo = "Teste de Semáforos";
		};
		E7DC5B9E1D4832E800CADA89 /* PBXContainerItemProxy */ = {
			isa = PBXContainerItemProxy;
			containerPortal = E7DC5B761D4832E700CADA89 /* Project object */;
			proxyType = 1;
			remoteGlobalIDString = E7DC5B7D1D4832E700CADA89;
			remoteInfo = "Teste de Semáforos";
		};
/* End PBXContainerItemProxy section */

/* Begin PBXFileReference section */
		E7DC5B7E1D4832E700CADA89 /* Teste de Semáforos.app */ = {isa = PBXFileReference; explicitFileType = wrapper.application; includeInIndex = 0; path = "Teste de Semáforos.app"; sourceTree = BUILT_PRODUCTS_DIR; };
		E7DC5B811D4832E700CADA89 /* AppDelegate.swift */ = {isa = PBXFileReference; lastKnownFileType = sourcecode.swift; path = AppDelegate.swift; sourceTree = "<group>"; };
		E7DC5B831D4832E700CADA89 /* ViewController.swift */ = {isa = PBXFileReference; lastKnownFileType = sourcecode.swift; path = ViewController.swift; sourceTree = "<group>"; };
		E7DC5B861D4832E700CADA89 /* Base */ = {isa = PBXFileReference; lastKnownFileType = file.storyboard; name = Base; path = Base.lproj/Main.storyboard; sourceTree = "<group>"; };
		E7DC5B881D4832E700CADA89 /* Assets.xcassets */ = {isa = PBXFileReference; lastKnownFileType = folder.assetcatalog; path = Assets.xcassets; sourceTree = "<group>"; };
		E7DC5B8B1D4832E700CADA89 /* Base */ = {isa = PBXFileReference; lastKnownFileType = file.storyboard; name = Base; path = Base.lproj/LaunchScreen.storyboard; sourceTree = "<group>"; };
		E7DC5B8D1D4832E700CADA89 /* Info.plist */ = {isa = PBXFileReference; lastKnownFileType = text.plist.xml; path = Info.plist; sourceTree = "<group>"; };
		E7DC5B921D4832E800CADA89 /* Teste de SemáforosTests.xctest */ = {isa = PBXFileReference; explicitFileType = wrapper.cfbundle; includeInIndex = 0; path = "Teste de SemáforosTests.xctest"; sourceTree = BUILT_PRODUCTS_DIR; };
		E7DC5B961D4832E800CADA89 /* Teste_de_Sema_forosTests.swift */ = {isa = PBXFileReference; lastKnownFileType = sourcecode.swift; path = Teste_de_Sema_forosTests.swift; sourceTree = "<group>"; };
		E7DC5B981D4832E800CADA89 /* Info.plist */ = {isa = PBXFileReference; lastKnownFileType = text.plist.xml; path = Info.plist; sourceTree = "<group>"; };
		E7DC5B9D1D4832E800CADA89 /* Teste de SemáforosUITests.xctest */ = {isa = PBXFileReference; explicitFileType = wrapper.cfbundle; includeInIndex = 0; path = "Teste de SemáforosUITests.xctest"; sourceTree = BUILT_PRODUCTS_DIR; };
		E7DC5BA11D4832E800CADA89 /* Teste_de_Sema_forosUITests.swift */ = {isa = PBXFileReference; lastKnownFileType = sourcecode.swift; path = Teste_de_Sema_forosUITests.swift; sourceTree = "<group>"; };
		E7DC5BA31D4832E800CADA89 /* Info.plist */ = {isa = PBXFileReference; lastKnownFileType = text.plist.xml; path = Info.plist; sourceTree = "<group>"; };
/* End PBXFileReference section */

/* Begin PBXFrameworksBuildPhase section */
		E7DC5B7B1D4832E700CADA89 /* Frameworks */ = {
			isa = PBXFrameworksBuildPhase;
			buildActionMask = 2147483647;
			files = (
			);
			runOnlyForDeploymentPostprocessing = 0;
		};
		E7DC5B8F1D4832E800CADA89 /* Frameworks */ = {
			isa = PBXFrameworksBuildPhase;
			buildActionMask = 2147483647;
			files = (
			);
			runOnlyForDeploymentPostprocessing = 0;
		};
		E7DC5B9A1D4832E800CADA89 /* Frameworks */ = {
			isa = PBXFrameworksBuildPhase;
			buildActionMask = 2147483647;
			files = (
			);
			runOnlyForDeploymentPostprocessing = 0;
		};
/* End PBXFrameworksBuildPhase section */

/* Begin PBXGroup section */
		E7DC5B751D4832E700CADA89 = {
			isa = PBXGroup;
			children = (
				E7DC5B801D4832E700CADA89 /* Teste de Semáforos */,
				E7DC5B951D4832E800CADA89 /* Teste de SemáforosTests */,
				E7DC5BA01D4832E800CADA89 /* Teste de SemáforosUITests */,
				E7DC5B7F1D4832E700CADA89 /* Products */,
			);
			sourceTree = "<group>";
		};
		E7DC5B7F1D4832E700CADA89 /* Products */ = {
			isa = PBXGroup;
			children = (
				E7DC5B7E1D4832E700CADA89 /* Teste de Semáforos.app */,
				E7DC5B921D4832E800CADA89 /* Teste de SemáforosTests.xctest */,
				E7DC5B9D1D4832E800CADA89 /* Teste de SemáforosUITests.xctest */,
			);
			name = Products;
			sourceTree = "<group>";
		};
		E7DC5B801D4832E700CADA89 /* Teste de Semáforos */ = {
			isa = PBXGroup;
			children = (
				E7DC5B811D4832E700CADA89 /* AppDelegate.swift */,
				E7DC5B831D4832E700CADA89 /* ViewController.swift */,
				E7DC5B851D4832E700CADA89 /* Main.storyboard */,
				E7DC5B881D4832E700CADA89 /* Assets.xcassets */,
				E7DC5B8A1D4832E700CADA89 /* LaunchScreen.storyboard */,
				E7DC5B8D1D4832E700CADA89 /* Info.plist */,
			);
			path = "Teste de Semáforos";
			sourceTree = "<group>";
		};
		E7DC5B951D4832E800CADA89 /* Teste de SemáforosTests */ = {
			isa = PBXGroup;
			children = (
				E7DC5B961D4832E800CADA89 /* Teste_de_Sema_forosTests.swift */,
				E7DC5B981D4832E800CADA89 /* Info.plist */,
			);
			path = "Teste de SemáforosTests";
			sourceTree = "<group>";
		};
		E7DC5BA01D4832E800CADA89 /* Teste de SemáforosUITests */ = {
			isa = PBXGroup;
			children = (
				E7DC5BA11D4832E800CADA89 /* Teste_de_Sema_forosUITests.swift */,
				E7DC5BA31D4832E800CADA89 /* Info.plist */,
			);
			path = "Teste de SemáforosUITests";
			sourceTree = "<group>";
		};
/* End PBXGroup section */

/* Begin PBXNativeTarget section */
		E7DC5B7D1D4832E700CADA89 /* Teste de Semáforos */ = {
			isa = PBXNativeTarget;
			buildConfigurationList = E7DC5BA61D4832E800CADA89 /* Build configuration list for PBXNativeTarget "Teste de Semáforos" */;
			buildPhases = (
				E7DC5B7A1D4832E700CADA89 /* Sources */,
				E7DC5B7B1D4832E700CADA89 /* Frameworks */,
				E7DC5B7C1D4832E700CADA89 /* Resources */,
			);
			buildRules = (
			);
			dependencies = (
			);
			name = "Teste de Semáforos";
			productName = "Teste de Semáforos";
			productReference = E7DC5B7E1D4832E700CADA89 /* Teste de Semáforos.app */;
			productType = "com.apple.product-type.application";
		};
		E7DC5B911D4832E800CADA89 /* Teste de SemáforosTests */ = {
			isa = PBXNativeTarget;
			buildConfigurationList = E7DC5BA91D4832E800CADA89 /* Build configuration list for PBXNativeTarget "Teste de SemáforosTests" */;
			buildPhases = (
				E7DC5B8E1D4832E800CADA89 /* Sources */,
				E7DC5B8F1D4832E800CADA89 /* Frameworks */,
				E7DC5B901D4832E800CADA89 /* Resources */,
			);
			buildRules = (
			);
			dependencies = (
				E7DC5B941D4832E800CADA89 /* PBXTargetDependency */,
			);
			name = "Teste de SemáforosTests";
			productName = "Teste de SemáforosTests";
			productReference = E7DC5B921D4832E800CADA89 /* Teste de SemáforosTests.xctest */;
			productType = "com.apple.product-type.bundle.unit-test";
		};
		E7DC5B9C1D4832E800CADA89 /* Teste de SemáforosUITests */ = {
			isa = PBXNativeTarget;
			buildConfigurationList = E7DC5BAC1D4832E800CADA89 /* Build configuration list for PBXNativeTarget "Teste de SemáforosUITests" */;
			buildPhases = (
				E7DC5B991D4832E800CADA89 /* Sources */,
				E7DC5B9A1D4832E800CADA89 /* Frameworks */,
				E7DC5B9B1D4832E800CADA89 /* Resources */,
			);
			buildRules = (
			);
			dependencies = (
				E7DC5B9F1D4832E800CADA89 /* PBXTargetDependency */,
			);
			name = "Teste de SemáforosUITests";
			productName = "Teste de SemáforosUITests";
			productReference = E7DC5B9D1D4832E800CADA89 /* Teste de SemáforosUITests.xctest */;
			productType = "com.apple.product-type.bundle.ui-testing";
		};
/* End PBXNativeTarget section */

/* Begin PBXProject section */
		E7DC5B761D4832E700CADA89 /* Project object */ = {
			isa = PBXProject;
			attributes = {
				LastSwiftUpdateCheck = 0730;
				LastUpgradeCheck = 0730;
				ORGANIZATIONNAME = "Alan Rabelo Martins";
				TargetAttributes = {
					E7DC5B7D1D4832E700CADA89 = {
						CreatedOnToolsVersion = 7.3.1;
					};
					E7DC5B911D4832E800CADA89 = {
						CreatedOnToolsVersion = 7.3.1;
						TestTargetID = E7DC5B7D1D4832E700CADA89;
					};
					E7DC5B9C1D4832E800CADA89 = {
						CreatedOnToolsVersion = 7.3.1;
						TestTargetID = E7DC5B7D1D4832E700CADA89;
					};
				};
			};
			buildConfigurationList = E7DC5B791D4832E700CADA89 /* Build configuration list for PBXProject "Teste de Semáforos" */;
			compatibilityVersion = "Xcode 3.2";
			developmentRegion = English;
			hasScannedForEncodings = 0;
			knownRegions = (
				en,
				Base,
			);
			mainGroup = E7DC5B751D4832E700CADA89;
			productRefGroup = E7DC5B7F1D4832E700CADA89 /* Products */;
			projectDirPath = "";
			projectRoot = "";
			targets = (
				E7DC5B7D1D4832E700CADA89 /* Teste de Semáforos */,
				E7DC5B911D4832E800CADA89 /* Teste de SemáforosTests */,
				E7DC5B9C1D4832E800CADA89 /* Teste de SemáforosUITests */,
			);
		};
/* End PBXProject section */

/* Begin PBXResourcesBuildPhase section */
		E7DC5B7C1D4832E700CADA89 /* Resources */ = {
			isa = PBXResourcesBuildPhase;
			buildActionMask = 2147483647;
			files = (
				E7DC5B8C1D4832E700CADA89 /* LaunchScreen.storyboard in Resources */,
				E7DC5B891D4832E700CADA89 /* Assets.xcassets in Resources */,
				E7DC5B871D4832E700CADA89 /* Main.storyboard in Resources */,
			);
			runOnlyForDeploymentPostprocessing = 0;
		};
		E7DC5B901D4832E800CADA89 /* Resources */ = {
			isa = PBXResourcesBuildPhase;
			buildActionMask = 2147483647;
			files = (
			);
			runOnlyForDeploymentPostprocessing = 0;
		};
		E7DC5B9B1D4832E800CADA89 /* Resources */ = {
			isa = PBXResourcesBuildPhase;
			buildActionMask = 2147483647;
			files = (
			);
			runOnlyForDeploymentPostprocessing = 0;
		};
/* End PBXResourcesBuildPhase section */

/* Begin PBXSourcesBuildPhase section */
		E7DC5B7A1D4832E700CADA89 /* Sources */ = {
			isa = PBXSourcesBuildPhase;
			buildActionMask = 2147483647;
			files = (
				E7DC5B841D4832E700CADA89 /* ViewController.swift in Sources */,
				E7DC5B821D4832E700CADA89 /* AppDelegate.swift in Sources */,
			);
			runOnlyForDeploymentPostprocessing = 0;
		};
		E7DC5B8E1D4832E800CADA89 /* Sources */ = {
			isa = PBXSourcesBuildPhase;
			buildActionMask = 2147483647;
			files = (
				E7DC5B971D4832E800CADA89 /* Teste_de_Sema_forosTests.swift in Sources */,
			);
			runOnlyForDeploymentPostprocessing = 0;
		};
		E7DC5B991D4832E800CADA89 /* Sources */ = {
			isa = PBXSourcesBuildPhase;
			buildActionMask = 2147483647;
			files = (
				E7DC5BA21D4832E800CADA89 /* Teste_de_Sema_forosUITests.swift in Sources */,
			);
			runOnlyForDeploymentPostprocessing = 0;
		};
/* End PBXSourcesBuildPhase section */

/* Begin PBXTargetDependency section */
		E7DC5B941D4832E800CADA89 /* PBXTargetDependency */ = {
			isa = PBXTargetDependency;
			target = E7DC5B7D1D4832E700CADA89 /* Teste de Semáforos */;
			targetProxy = E7DC5B931D4832E800CADA89 /* PBXContainerItemProxy */;
		};
		E7DC5B9F1D4832E800CADA89 /* PBXTargetDependency */ = {
			isa = PBXTargetDependency;
			target = E7DC5B7D1D4832E700CADA89 /* Teste de Semáforos */;
			targetProxy = E7DC5B9E1D4832E800CADA89 /* PBXContainerItemProxy */;
		};
/* End PBXTargetDependency section */

/* Begin PBXVariantGroup section */
		E7DC5B851D4832E700CADA89 /* Main.storyboard */ = {
			isa = PBXVariantGroup;
			children = (
				E7DC5B861D4832E700CADA89 /* Base */,
			);
			name = Main.storyboard;
			sourceTree = "<group>";
		};
		E7DC5B8A1D4832E700CADA89 /* LaunchScreen.storyboard */ = {
			isa = PBXVariantGroup;
			children = (
				E7DC5B8B1D4832E700CADA89 /* Base */,
			);
			name = LaunchScreen.storyboard;
			sourceTree = "<group>";
		};
/* End PBXVariantGroup section */

/* Begin XCBuildConfiguration section */
		E7DC5BA41D4832E800CADA89 /* Debug */ = {
			isa = XCBuildConfiguration;
			buildSettings = {
				ALWAYS_SEARCH_USER_PATHS = NO;
				CLANG_ANALYZER_NONNULL = YES;
				CLANG_CXX_LANGUAGE_STANDARD = "gnu++0x";
				CLANG_CXX_LIBRARY = "libc++";
				CLANG_ENABLE_MODULES = YES;
				CLANG_ENABLE_OBJC_ARC = YES;
				CLANG_WARN_BOOL_CONVERSION = YES;
				CLANG_WARN_CONSTANT_CONVERSION = YES;
				CLANG_WARN_DIRECT_OBJC_ISA_USAGE = YES_ERROR;
				CLANG_WARN_EMPTY_BODY = YES;
				CLANG_WARN_ENUM_CONVERSION = YES;
				CLANG_WARN_INT_CONVERSION = YES;
				CLANG_WARN_OBJC_ROOT_CLASS = YES_ERROR;
				CLANG_WARN_UNREACHABLE_CODE = YES;
				CLANG_WARN__DUPLICATE_METHOD_MATCH = YES;
				"CODE_SIGN_IDENTITY[sdk=iphoneos*]" = "iPhone Developer";
				COPY_PHASE_STRIP = NO;
				DEBUG_INFORMATION_FORMAT = dwarf;
				ENABLE_STRICT_OBJC_MSGSEND = YES;
				ENABLE_TESTABILITY = YES;
				GCC_C_LANGUAGE_STANDARD = gnu99;
				GCC_DYNAMIC_NO_PIC = NO;
				GCC_NO_COMMON_BLOCKS = YES;
				GCC_OPTIMIZATION_LEVEL = 0;
				GCC_PREPROCESSOR_DEFINITIONS = (
					"DEBUG=1",
					"$(inherited)",
				);
				GCC_WARN_64_TO_32_BIT_CONVERSION = YES;
				GCC_WARN_ABOUT_RETURN_TYPE = YES_ERROR;
				GCC_WARN_UNDECLARED_SELECTOR = YES;
				GCC_WARN_UNINITIALIZED_AUTOS = YES_AGGRESSIVE;
				GCC_WARN_UNUSED_FUNCTION = YES;
				GCC_WARN_UNUSED_VARIABLE = YES;
				IPHONEOS_DEPLOYMENT_TARGET = 9.3;
				MTL_ENABLE_DEBUG_INFO = YES;
				ONLY_ACTIVE_ARCH = YES;
				SDKROOT = iphoneos;
				SWIFT_OPTIMIZATION_LEVEL = "-Onone";
				TARGETED_DEVICE_FAMILY = "1,2";
			};
			name = Debug;
		};
		E7DC5BA51D4832E800CADA89 /* Release */ = {
			isa = XCBuildConfiguration;
			buildSettings = {
				ALWAYS_SEARCH_USER_PATHS = NO;
				CLANG_ANALYZER_NONNULL = YES;
				CLANG_CXX_LANGUAGE_STANDARD = "gnu++0x";
				CLANG_CXX_LIBRARY = "libc++";
				CLANG_ENABLE_MODULES = YES;
				CLANG_ENABLE_OBJC_ARC = YES;
				CLANG_WARN_BOOL_CONVERSION = YES;
				CLANG_WARN_CONSTANT_CONVERSION = YES;
				CLANG_WARN_DIRECT_OBJC_ISA_USAGE = YES_ERROR;
				CLANG_WARN_EMPTY_BODY = YES;
				CLANG_WARN_ENUM_CONVERSION = YES;
				CLANG_WARN_INT_CONVERSION = YES;
				CLANG_WARN_OBJC_ROOT_CLASS = YES_ERROR;
				CLANG_WARN_UNREACHABLE_CODE = YES;
				CLANG_WARN__DUPLICATE_METHOD_MATCH = YES;
				"CODE_SIGN_IDENTITY[sdk=iphoneos*]" = "iPhone Developer";
				COPY_PHASE_STRIP = NO;
				DEBUG_INFORMATION_FORMAT = "dwarf-with-dsym";
				ENABLE_NS_ASSERTIONS = NO;
				ENABLE_STRICT_OBJC_MSGSEND = YES;
				GCC_C_LANGUAGE_STANDARD = gnu99;
				GCC_NO_COMMON_BLOCKS = YES;
				GCC_WARN_64_TO_32_BIT_CONVERSION = YES;
				GCC_WARN_ABOUT_RETURN_TYPE = YES_ERROR;
				GCC_WARN_UNDECLARED_SELECTOR = YES;
				GCC_WARN_UNINITIALIZED_AUTOS = YES_AGGRESSIVE;
				GCC_WARN_UNUSED_FUNCTION = YES;
				GCC_WARN_UNUSED_VARIABLE = YES;
				IPHONEOS_DEPLOYMENT_TARGET = 9.3;
				MTL_ENABLE_DEBUG_INFO = NO;
				SDKROOT = iphoneos;
				TARGETED_DEVICE_FAMILY = "1,2";
				VALIDATE_PRODUCT = YES;
			};
			name = Release;
		};
		E7DC5BA71D4832E800CADA89 /* Debug */ = {
			isa = XCBuildConfiguration;
			buildSettings = {
				ASSETCATALOG_COMPILER_APPICON_NAME = AppIcon;
				INFOPLIST_FILE = "Teste de Semáforos/Info.plist";
				LD_RUNPATH_SEARCH_PATHS = "$(inherited) @executable_path/Frameworks";
				PRODUCT_BUNDLE_IDENTIFIER = "com.alanrabelo.Teste-de-Sema-foros";
				PRODUCT_NAME = "$(TARGET_NAME)";
			};
			name = Debug;
		};
		E7DC5BA81D4832E800CADA89 /* Release */ = {
			isa = XCBuildConfiguration;
			buildSettings = {
				ASSETCATALOG_COMPILER_APPICON_NAME = AppIcon;
				INFOPLIST_FILE = "Teste de Semáforos/Info.plist";
				LD_RUNPATH_SEARCH_PATHS = "$(inherited) @executable_path/Frameworks";
				PRODUCT_BUNDLE_IDENTIFIER = "com.alanrabelo.Teste-de-Sema-foros";
				PRODUCT_NAME = "$(TARGET_NAME)";
			};
			name = Release;
		};
		E7DC5BAA1D4832E800CADA89 /* Debug */ = {
			isa = XCBuildConfiguration;
			buildSettings = {
				BUNDLE_LOADER = "$(TEST_HOST)";
				INFOPLIST_FILE = "Teste de SemáforosTests/Info.plist";
				LD_RUNPATH_SEARCH_PATHS = "$(inherited) @executable_path/Frameworks @loader_path/Frameworks";
				PRODUCT_BUNDLE_IDENTIFIER = "com.alanrabelo.Teste-de-Sema-forosTests";
				PRODUCT_NAME = "$(TARGET_NAME)";
				TEST_HOST = "$(BUILT_PRODUCTS_DIR)/Teste de Semáforos.app/Teste de Semáforos";
			};
			name = Debug;
		};
		E7DC5BAB1D4832E800CADA89 /* Release */ = {
			isa = XCBuildConfiguration;
			buildSettings = {
				BUNDLE_LOADER = "$(TEST_HOST)";
				INFOPLIST_FILE = "Teste de SemáforosTests/Info.plist";
				LD_RUNPATH_SEARCH_PATHS = "$(inherited) @executable_path/Frameworks @loader_path/Frameworks";
				PRODUCT_BUNDLE_IDENTIFIER = "com.alanrabelo.Teste-de-Sema-forosTests";
				PRODUCT_NAME = "$(TARGET_NAME)";
				TEST_HOST = "$(BUILT_PRODUCTS_DIR)/Teste de Semáforos.app/Teste de Semáforos";
			};
			name = Release;
		};
		E7DC5BAD1D4832E800CADA89 /* Debug */ = {
			isa = XCBuildConfiguration;
			buildSettings = {
				INFOPLIST_FILE = "Teste de SemáforosUITests/Info.plist";
				LD_RUNPATH_SEARCH_PATHS = "$(inherited) @executable_path/Frameworks @loader_path/Frameworks";
				PRODUCT_BUNDLE_IDENTIFIER = "com.alanrabelo.Teste-de-Sema-forosUITests";
				PRODUCT_NAME = "$(TARGET_NAME)";
				TEST_TARGET_NAME = "Teste de Semáforos";
			};
			name = Debug;
		};
		E7DC5BAE1D4832E800CADA89 /* Release */ = {
			isa = XCBuildConfiguration;
			buildSettings = {
				INFOPLIST_FILE = "Teste de SemáforosUITests/Info.plist";
				LD_RUNPATH_SEARCH_PATHS = "$(inherited) @executable_path/Frameworks @loader_path/Frameworks";
				PRODUCT_BUNDLE_IDENTIFIER = "com.alanrabelo.Teste-de-Sema-forosUITests";
				PRODUCT_NAME = "$(TARGET_NAME)";
				TEST_TARGET_NAME = "Teste de Semáforos";
			};
			name = Release;
		};
/* End XCBuildConfiguration section */

/* Begin XCConfigurationList section */
		E7DC5B791D4832E700CADA89 /* Build configuration list for PBXProject "Teste de Semáforos" */ = {
			isa = XCConfigurationList;
			buildConfigurations = (
				E7DC5BA41D4832E800CADA89 /* Debug */,
				E7DC5BA51D4832E800CADA89 /* Release */,
			);
			defaultConfigurationIsVisible = 0;
			defaultConfigurationName = Release;
		};
		E7DC5BA61D4832E800CADA89 /* Build configuration list for PBXNativeTarget "Teste de Semáforos" */ = {
			isa = XCConfigurationList;
			buildConfigurations = (
				E7DC5BA71D4832E800CADA89 /* Debug */,
				E7DC5BA81D4832E800CADA89 /* Release */,
			);
			defaultConfigurationIsVisible = 0;
		};
		E7DC5BA91D4832E800CADA89 /* Build configuration list for PBXNativeTarget "Teste de SemáforosTests" */ = {
			isa = XCConfigurationList;
			buildConfigurations = (
				E7DC5BAA1D4832E800CADA89 /* Debug */,
				E7DC5BAB1D4832E800CADA89 /* Release */,
			);
			defaultConfigurationIsVisible = 0;
		};
		E7DC5BAC1D4832E800CADA89 /* Build configuration list for PBXNativeTarget "Teste de SemáforosUITests" */ = {
			isa = XCConfigurationList;
			buildConfigurations = (
				E7DC5BAD1D4832E800CADA89 /* Debug */,
				E7DC5BAE1D4832E800CADA89 /* Release */,
			);
			defaultConfigurationIsVisible = 0;
		};
/* End XCConfigurationList section */
	};
	rootObject = E7DC5B761D4832E700CADA89 /* Project object */;
}
